
Microsoft Visual Studio Solution File, Format Version 12.00
# Visual Studio Version 17
VisualStudioVersion = 17.8.34316.72
MinimumVisualStudioVersion = 10.0.40219.1
Project("{FAE04EC0-301F-11D3-BF4B-00C04F79EFBC}") = "lab5", "lab5\lab5.csproj", "{B8739B6E-E5A6-49CD-8CAF-9049CC2B038B}"
EndProject
Global
	GlobalSection(SolutionConfigurationPlatforms) = preSolution
		Debug|Any CPU = Debug|Any CPU
		Release|Any CPU = Release|Any CPU
	EndGlobalSection
	GlobalSection(ProjectConfigurationPlatforms) = postSolution
		{B8739B6E-E5A6-49CD-8CAF-9049CC2B038B}.Debug|Any CPU.ActiveCfg = Debug|Any CPU
		{B8739B6E-E5A6-49CD-8CAF-9049CC2B038B}.Debug|Any CPU.Build.0 = Debug|Any CPU
		{B8739B6E-E5A6-49CD-8CAF-9049CC2B038B}.Release|Any CPU.ActiveCfg = Release|Any CPU
		{B8739B6E-E5A6-49CD-8CAF-9049CC2B038B}.Release|Any CPU.Build.0 = Release|Any CPU
	EndGlobalSection
	GlobalSection(SolutionProperties) = preSolution
		HideSolutionNode = FALSE
	EndGlobalSection
	GlobalSection(ExtensibilityGlobals) = postSolution
		SolutionGuid = {2DBBFE40-7493-4C11-B3EB-ECC8549B31AB}
	EndGlobalSection
EndGlobal
